// !$*UTF8*$!
{
	archiveVersion = 1;
	classes = {
	};
	objectVersion = 77;
	objects = {

/* Begin PBXContainerItemProxy section */
		E9E9BD982DCC31270078082C /* PBXContainerItemProxy */ = {
			isa = PBXContainerItemProxy;
			containerPortal = E9E9BD7F2DCC31250078082C /* Project object */;
			proxyType = 1;
			remoteGlobalIDString = E9E9BD862DCC31250078082C;
			remoteInfo = MVCPatternApp;
		};
		E9E9BDA22DCC31270078082C /* PBXContainerItemProxy */ = {
			isa = PBXContainerItemProxy;
			containerPortal = E9E9BD7F2DCC31250078082C /* Project object */;
			proxyType = 1;
			remoteGlobalIDString = E9E9BD862DCC31250078082C;
			remoteInfo = MVCPatternApp;
		};
/* End PBXContainerItemProxy section */

/* Begin PBXFileReference section */
		E9E9BD872DCC31250078082C /* MVCPatternApp.app */ = {isa = PBXFileReference; explicitFileType = wrapper.application; includeInIndex = 0; path = MVCPatternApp.app; sourceTree = BUILT_PRODUCTS_DIR; };
		E9E9BD972DCC31270078082C /* MVCPatternAppTests.xctest */ = {isa = PBXFileReference; explicitFileType = wrapper.cfbundle; includeInIndex = 0; path = MVCPatternAppTests.xctest; sourceTree = BUILT_PRODUCTS_DIR; };
		E9E9BDA12DCC31270078082C /* MVCPatternAppUITests.xctest */ = {isa = PBXFileReference; explicitFileType = wrapper.cfbundle; includeInIndex = 0; path = MVCPatternAppUITests.xctest; sourceTree = BUILT_PRODUCTS_DIR; };
/* End PBXFileReference section */

/* Begin PBXFileSystemSynchronizedRootGroup section */
		E9E9BD892DCC31250078082C /* MVCPatternApp */ = {
			isa = PBXFileSystemSynchronizedRootGroup;
			path = MVCPatternApp;
			sourceTree = "<group>";
		};
		E9E9BD9A2DCC31270078082C /* MVCPatternAppTests */ = {
			isa = PBXFileSystemSynchronizedRootGroup;
			path = MVCPatternAppTests;
			sourceTree = "<group>";
		};
		E9E9BDA42DCC31270078082C /* MVCPatternAppUITests */ = {
			isa = PBXFileSystemSynchronizedRootGroup;
			path = MVCPatternAppUITests;
			sourceTree = "<group>";
		};
/* End PBXFileSystemSynchronizedRootGroup section */

/* Begin PBXFrameworksBuildPhase section */
		E9E9BD842DCC31250078082C /* Frameworks */ = {
			isa = PBXFrameworksBuildPhase;
			buildActionMask = 2147483647;
			files = (
			);
			runOnlyForDeploymentPostprocessing = 0;
		};
		E9E9BD942DCC31270078082C /* Frameworks */ = {
			isa = PBXFrameworksBuildPhase;
			buildActionMask = 2147483647;
			files = (
			);
			runOnlyForDeploymentPostprocessing = 0;
		};
		E9E9BD9E2DCC31270078082C /* Frameworks */ = {
			isa = PBXFrameworksBuildPhase;
			buildActionMask = 2147483647;
			files = (
			);
			runOnlyForDeploymentPostprocessing = 0;
		};
/* End PBXFrameworksBuildPhase section */

/* Begin PBXGroup section */
		E9E9BD7E2DCC31250078082C = {
			isa = PBXGroup;
			children = (
				E9E9BD892DCC31250078082C /* MVCPatternApp */,
				E9E9BD9A2DCC31270078082C /* MVCPatternAppTests */,
				E9E9BDA42DCC31270078082C /* MVCPatternAppUITests */,
				E9E9BD882DCC31250078082C /* Products */,
			);
			sourceTree = "<group>";
		};
		E9E9BD882DCC31250078082C /* Products */ = {
			isa = PBXGroup;
			children = (
				E9E9BD872DCC31250078082C /* MVCPatternApp.app */,
				E9E9BD972DCC31270078082C /* MVCPatternAppTests.xctest */,
				E9E9BDA12DCC31270078082C /* MVCPatternAppUITests.xctest */,
			);
			name = Products;
			sourceTree = "<group>";
		};
/* End PBXGroup section */

/* Begin PBXNativeTarget section */
		E9E9BD862DCC31250078082C /* MVCPatternApp */ = {
			isa = PBXNativeTarget;
			buildConfigurationList = E9E9BDAB2DCC31270078082C /* Build configuration list for PBXNativeTarget "MVCPatternApp" */;
			buildPhases = (
				E9E9BD832DCC31250078082C /* Sources */,
				E9E9BD842DCC31250078082C /* Frameworks */,
				E9E9BD852DCC31250078082C /* Resources */,
			);
			buildRules = (
			);
			dependencies = (
			);
			fileSystemSynchronizedGroups = (
				E9E9BD892DCC31250078082C /* MVCPatternApp */,
			);
			name = MVCPatternApp;
			packageProductDependencies = (
			);
			productName = MVCPatternApp;
			productReference = E9E9BD872DCC31250078082C /* MVCPatternApp.app */;
			productType = "com.apple.product-type.application";
		};
		E9E9BD962DCC31270078082C /* MVCPatternAppTests */ = {
			isa = PBXNativeTarget;
			buildConfigurationList = E9E9BDAE2DCC31270078082C /* Build configuration list for PBXNativeTarget "MVCPatternAppTests" */;
			buildPhases = (
				E9E9BD932DCC31270078082C /* Sources */,
				E9E9BD942DCC31270078082C /* Frameworks */,
				E9E9BD952DCC31270078082C /* Resources */,
			);
			buildRules = (
			);
			dependencies = (
				E9E9BD992DCC31270078082C /* PBXTargetDependency */,
			);
			fileSystemSynchronizedGroups = (
				E9E9BD9A2DCC31270078082C /* MVCPatternAppTests */,
			);
			name = MVCPatternAppTests;
			packageProductDependencies = (
			);
			productName = MVCPatternAppTests;
			productReference = E9E9BD972DCC31270078082C /* MVCPatternAppTests.xctest */;
			productType = "com.apple.product-type.bundle.unit-test";
		};
		E9E9BDA02DCC31270078082C /* MVCPatternAppUITests */ = {
			isa = PBXNativeTarget;
			buildConfigurationList = E9E9BDB12DCC31270078082C /* Build configuration list for PBXNativeTarget "MVCPatternAppUITests" */;
			buildPhases = (
				E9E9BD9D2DCC31270078082C /* Sources */,
				E9E9BD9E2DCC31270078082C /* Frameworks */,
				E9E9BD9F2DCC31270078082C /* Resources */,
			);
			buildRules = (
			);
			dependencies = (
				E9E9BDA32DCC31270078082C /* PBXTargetDependency */,
			);
			fileSystemSynchronizedGroups = (
				E9E9BDA42DCC31270078082C /* MVCPatternAppUITests */,
			);
			name = MVCPatternAppUITests;
			packageProductDependencies = (
			);
			productName = MVCPatternAppUITests;
			productReference = E9E9BDA12DCC31270078082C /* MVCPatternAppUITests.xctest */;
			productType = "com.apple.product-type.bundle.ui-testing";
		};
/* End PBXNativeTarget section */

/* Begin PBXProject section */
		E9E9BD7F2DCC31250078082C /* Project object */ = {
			isa = PBXProject;
			attributes = {
				BuildIndependentTargetsInParallel = 1;
				LastSwiftUpdateCheck = 1620;
				LastUpgradeCheck = 1620;
				TargetAttributes = {
					E9E9BD862DCC31250078082C = {
						CreatedOnToolsVersion = 16.2;
					};
					E9E9BD962DCC31270078082C = {
						CreatedOnToolsVersion = 16.2;
						TestTargetID = E9E9BD862DCC31250078082C;
					};
					E9E9BDA02DCC31270078082C = {
						CreatedOnToolsVersion = 16.2;
						TestTargetID = E9E9BD862DCC31250078082C;
					};
				};
			};
			buildConfigurationList = E9E9BD822DCC31250078082C /* Build configuration list for PBXProject "MVCPatternApp" */;
			developmentRegion = en;
			hasScannedForEncodings = 0;
			knownRegions = (
				en,
				Base,
			);
			mainGroup = E9E9BD7E2DCC31250078082C;
			minimizedProjectReferenceProxies = 1;
			preferredProjectObjectVersion = 77;
			productRefGroup = E9E9BD882DCC31250078082C /* Products */;
			projectDirPath = "";
			projectRoot = "";
			targets = (
				E9E9BD862DCC31250078082C /* MVCPatternApp */,
				E9E9BD962DCC31270078082C /* MVCPatternAppTests */,
				E9E9BDA02DCC31270078082C /* MVCPatternAppUITests */,
			);
		};
/* End PBXProject section */

/* Begin PBXResourcesBuildPhase section */
		E9E9BD852DCC31250078082C /* Resources */ = {
			isa = PBXResourcesBuildPhase;
			buildActionMask = 2147483647;
			files = (
			);
			runOnlyForDeploymentPostprocessing = 0;
		};
		E9E9BD952DCC31270078082C /* Resources */ = {
			isa = PBXResourcesBuildPhase;
			buildActionMask = 2147483647;
			files = (
			);
			runOnlyForDeploymentPostprocessing = 0;
		};
		E9E9BD9F2DCC31270078082C /* Resources */ = {
			isa = PBXResourcesBuildPhase;
			buildActionMask = 2147483647;
			files = (
			);
			runOnlyForDeploymentPostprocessing = 0;
		};
/* End PBXResourcesBuildPhase section */

/* Begin PBXSourcesBuildPhase section */
		E9E9BD832DCC31250078082C /* Sources */ = {
			isa = PBXSourcesBuildPhase;
			buildActionMask = 2147483647;
			files = (
			);
			runOnlyForDeploymentPostprocessing = 0;
		};
		E9E9BD932DCC31270078082C /* Sources */ = {
			isa = PBXSourcesBuildPhase;
			buildActionMask = 2147483647;
			files = (
			);
			runOnlyForDeploymentPostprocessing = 0;
		};
		E9E9BD9D2DCC31270078082C /* Sources */ = {
			isa = PBXSourcesBuildPhase;
			buildActionMask = 2147483647;
			files = (
			);
			runOnlyForDeploymentPostprocessing = 0;
		};
/* End PBXSourcesBuildPhase section */

/* Begin PBXTargetDependency section */
		E9E9BD992DCC31270078082C /* PBXTargetDependency */ = {
			isa = PBXTargetDependency;
			target = E9E9BD862DCC31250078082C /* MVCPatternApp */;
			targetProxy = E9E9BD982DCC31270078082C /* PBXContainerItemProxy */;
		};
		E9E9BDA32DCC31270078082C /* PBXTargetDependency */ = {
			isa = PBXTargetDependency;
			target = E9E9BD862DCC31250078082C /* MVCPatternApp */;
			targetProxy = E9E9BDA22DCC31270078082C /* PBXContainerItemProxy */;
		};
/* End PBXTargetDependency section */

/* Begin XCBuildConfiguration section */
		E9E9BDA92DCC31270078082C /* Debug */ = {
			isa = XCBuildConfiguration;
			buildSettings = {
				ALWAYS_SEARCH_USER_PATHS = NO;
				ASSETCATALOG_COMPILER_GENERATE_SWIFT_ASSET_SYMBOL_EXTENSIONS = YES;
				CLANG_ANALYZER_NONNULL = YES;
				CLANG_ANALYZER_NUMBER_OBJECT_CONVERSION = YES_AGGRESSIVE;
				CLANG_CXX_LANGUAGE_STANDARD = "gnu++20";
				CLANG_ENABLE_MODULES = YES;
				CLANG_ENABLE_OBJC_ARC = YES;
				CLANG_ENABLE_OBJC_WEAK = YES;
				CLANG_WARN_BLOCK_CAPTURE_AUTORELEASING = YES;
				CLANG_WARN_BOOL_CONVERSION = YES;
				CLANG_WARN_COMMA = YES;
				CLANG_WARN_CONSTANT_CONVERSION = YES;
				CLANG_WARN_DEPRECATED_OBJC_IMPLEMENTATIONS = YES;
				CLANG_WARN_DIRECT_OBJC_ISA_USAGE = YES_ERROR;
				CLANG_WARN_DOCUMENTATION_COMMENTS = YES;
				CLANG_WARN_EMPTY_BODY = YES;
				CLANG_WARN_ENUM_CONVERSION = YES;
				CLANG_WARN_INFINITE_RECURSION = YES;
				CLANG_WARN_INT_CONVERSION = YES;
				CLANG_WARN_NON_LITERAL_NULL_CONVERSION = YES;
				CLANG_WARN_OBJC_IMPLICIT_RETAIN_SELF = YES;
				CLANG_WARN_OBJC_LITERAL_CONVERSION = YES;
				CLANG_WARN_OBJC_ROOT_CLASS = YES_ERROR;
				CLANG_WARN_QUOTED_INCLUDE_IN_FRAMEWORK_HEADER = YES;
				CLANG_WARN_RANGE_LOOP_ANALYSIS = YES;
				CLANG_WARN_STRICT_PROTOTYPES = YES;
				CLANG_WARN_SUSPICIOUS_MOVE = YES;
				CLANG_WARN_UNGUARDED_AVAILABILITY = YES_AGGRESSIVE;
				CLANG_WARN_UNREACHABLE_CODE = YES;
				CLANG_WARN__DUPLICATE_METHOD_MATCH = YES;
				COPY_PHASE_STRIP = NO;
				DEBUG_INFORMATION_FORMAT = dwarf;
				ENABLE_STRICT_OBJC_MSGSEND = YES;
				ENABLE_TESTABILITY = YES;
				ENABLE_USER_SCRIPT_SANDBOXING = YES;
				GCC_C_LANGUAGE_STANDARD = gnu17;
				GCC_DYNAMIC_NO_PIC = NO;
				GCC_NO_COMMON_BLOCKS = YES;
				GCC_OPTIMIZATION_LEVEL = 0;
				GCC_PREPROCESSOR_DEFINITIONS = (
					"DEBUG=1",
					"$(inherited)",
				);
				GCC_WARN_64_TO_32_BIT_CONVERSION = YES;
				GCC_WARN_ABOUT_RETURN_TYPE = YES_ERROR;
				GCC_WARN_UNDECLARED_SELECTOR = YES;
				GCC_WARN_UNINITIALIZED_AUTOS = YES_AGGRESSIVE;
				GCC_WARN_UNUSED_FUNCTION = YES;
				GCC_WARN_UNUSED_VARIABLE = YES;
				IPHONEOS_DEPLOYMENT_TARGET = 18.2;
				LOCALIZATION_PREFERS_STRING_CATALOGS = YES;
				MTL_ENABLE_DEBUG_INFO = INCLUDE_SOURCE;
				MTL_FAST_MATH = YES;
				ONLY_ACTIVE_ARCH = YES;
				SDKROOT = iphoneos;
				SWIFT_ACTIVE_COMPILATION_CONDITIONS = "DEBUG $(inherited)";
				SWIFT_OPTIMIZATION_LEVEL = "-Onone";
			};
			name = Debug;
		};
		E9E9BDAA2DCC31270078082C /* Release */ = {
			isa = XCBuildConfiguration;
			buildSettings = {
				ALWAYS_SEARCH_USER_PATHS = NO;
				ASSETCATALOG_COMPILER_GENERATE_SWIFT_ASSET_SYMBOL_EXTENSIONS = YES;
				CLANG_ANALYZER_NONNULL = YES;
				CLANG_ANALYZER_NUMBER_OBJECT_CONVERSION = YES_AGGRESSIVE;
				CLANG_CXX_LANGUAGE_STANDARD = "gnu++20";
				CLANG_ENABLE_MODULES = YES;
				CLANG_ENABLE_OBJC_ARC = YES;
				CLANG_ENABLE_OBJC_WEAK = YES;
				CLANG_WARN_BLOCK_CAPTURE_AUTORELEASING = YES;
				CLANG_WARN_BOOL_CONVERSION = YES;
				CLANG_WARN_COMMA = YES;
				CLANG_WARN_CONSTANT_CONVERSION = YES;
				CLANG_WARN_DEPRECATED_OBJC_IMPLEMENTATIONS = YES;
				CLANG_WARN_DIRECT_OBJC_ISA_USAGE = YES_ERROR;
				CLANG_WARN_DOCUMENTATION_COMMENTS = YES;
				CLANG_WARN_EMPTY_BODY = YES;
				CLANG_WARN_ENUM_CONVERSION = YES;
				CLANG_WARN_INFINITE_RECURSION = YES;
				CLANG_WARN_INT_CONVERSION = YES;
				CLANG_WARN_NON_LITERAL_NULL_CONVERSION = YES;
				CLANG_WARN_OBJC_IMPLICIT_RETAIN_SELF = YES;
				CLANG_WARN_OBJC_LITERAL_CONVERSION = YES;
				CLANG_WARN_OBJC_ROOT_CLASS = YES_ERROR;
				CLANG_WARN_QUOTED_INCLUDE_IN_FRAMEWORK_HEADER = YES;
				CLANG_WARN_RANGE_LOOP_ANALYSIS = YES;
				CLANG_WARN_STRICT_PROTOTYPES = YES;
				CLANG_WARN_SUSPICIOUS_MOVE = YES;
				CLANG_WARN_UNGUARDED_AVAILABILITY = YES_AGGRESSIVE;
				CLANG_WARN_UNREACHABLE_CODE = YES;
				CLANG_WARN__DUPLICATE_METHOD_MATCH = YES;
				COPY_PHASE_STRIP = NO;
				DEBUG_INFORMATION_FORMAT = "dwarf-with-dsym";
				ENABLE_NS_ASSERTIONS = NO;
				ENABLE_STRICT_OBJC_MSGSEND = YES;
				ENABLE_USER_SCRIPT_SANDBOXING = YES;
				GCC_C_LANGUAGE_STANDARD = gnu17;
				GCC_NO_COMMON_BLOCKS = YES;
				GCC_WARN_64_TO_32_BIT_CONVERSION = YES;
				GCC_WARN_ABOUT_RETURN_TYPE = YES_ERROR;
				GCC_WARN_UNDECLARED_SELECTOR = YES;
				GCC_WARN_UNINITIALIZED_AUTOS = YES_AGGRESSIVE;
				GCC_WARN_UNUSED_FUNCTION = YES;
				GCC_WARN_UNUSED_VARIABLE = YES;
				IPHONEOS_DEPLOYMENT_TARGET = 18.2;
				LOCALIZATION_PREFERS_STRING_CATALOGS = YES;
				MTL_ENABLE_DEBUG_INFO = NO;
				MTL_FAST_MATH = YES;
				SDKROOT = iphoneos;
				SWIFT_COMPILATION_MODE = wholemodule;
				VALIDATE_PRODUCT = YES;
			};
			name = Release;
		};
		E9E9BDAC2DCC31270078082C /* Debug */ = {
			isa = XCBuildConfiguration;
			buildSettings = {
				ASSETCATALOG_COMPILER_APPICON_NAME = AppIcon;
				ASSETCATALOG_COMPILER_GLOBAL_ACCENT_COLOR_NAME = AccentColor;
				CODE_SIGN_STYLE = Automatic;
				CURRENT_PROJECT_VERSION = 1;
				DEVELOPMENT_ASSET_PATHS = "\"MVCPatternApp/Preview Content\"";
				DEVELOPMENT_TEAM = L7S26P68RJ;
				ENABLE_PREVIEWS = YES;
				GENERATE_INFOPLIST_FILE = YES;
				INFOPLIST_KEY_UIApplicationSceneManifest_Generation = YES;
				INFOPLIST_KEY_UIApplicationSupportsIndirectInputEvents = YES;
				INFOPLIST_KEY_UILaunchScreen_Generation = YES;
				INFOPLIST_KEY_UISupportedInterfaceOrientations_iPad = "UIInterfaceOrientationPortrait UIInterfaceOrientationPortraitUpsideDown UIInterfaceOrientationLandscapeLeft UIInterfaceOrientationLandscapeRight";
				INFOPLIST_KEY_UISupportedInterfaceOrientations_iPhone = "UIInterfaceOrientationPortrait UIInterfaceOrientationLandscapeLeft UIInterfaceOrientationLandscapeRight";
				LD_RUNPATH_SEARCH_PATHS = (
					"$(inherited)",
					"@executable_path/Frameworks",
				);
				MARKETING_VERSION = 1.0;
				PRODUCT_BUNDLE_IDENTIFIER = adrian.MVCPatternApp;
				PRODUCT_NAME = "$(TARGET_NAME)";
				SWIFT_EMIT_LOC_STRINGS = YES;
				SWIFT_VERSION = 5.0;
				TARGETED_DEVICE_FAMILY = "1,2";
			};
			name = Debug;
		};
		E9E9BDAD2DCC31270078082C /* Release */ = {
			isa = XCBuildConfiguration;
			buildSettings = {
				ASSETCATALOG_COMPILER_APPICON_NAME = AppIcon;
				ASSETCATALOG_COMPILER_GLOBAL_ACCENT_COLOR_NAME = AccentColor;
				CODE_SIGN_STYLE = Automatic;
				CURRENT_PROJECT_VERSION = 1;
				DEVELOPMENT_ASSET_PATHS = "\"MVCPatternApp/Preview Content\"";
				DEVELOPMENT_TEAM = L7S26P68RJ;
				ENABLE_PREVIEWS = YES;
				GENERATE_INFOPLIST_FILE = YES;
				INFOPLIST_KEY_UIApplicationSceneManifest_Generation = YES;
				INFOPLIST_KEY_UIApplicationSupportsIndirectInputEvents = YES;
				INFOPLIST_KEY_UILaunchScreen_Generation = YES;
				INFOPLIST_KEY_UISupportedInterfaceOrientations_iPad = "UIInterfaceOrientationPortrait UIInterfaceOrientationPortraitUpsideDown UIInterfaceOrientationLandscapeLeft UIInterfaceOrientationLandscapeRight";
				INFOPLIST_KEY_UISupportedInterfaceOrientations_iPhone = "UIInterfaceOrientationPortrait UIInterfaceOrientationLandscapeLeft UIInterfaceOrientationLandscapeRight";
				LD_RUNPATH_SEARCH_PATHS = (
					"$(inherited)",
					"@executable_path/Frameworks",
				);
				MARKETING_VERSION = 1.0;
				PRODUCT_BUNDLE_IDENTIFIER = adrian.MVCPatternApp;
				PRODUCT_NAME = "$(TARGET_NAME)";
				SWIFT_EMIT_LOC_STRINGS = YES;
				SWIFT_VERSION = 5.0;
				TARGETED_DEVICE_FAMILY = "1,2";
			};
			name = Release;
		};
		E9E9BDAF2DCC31270078082C /* Debug */ = {
			isa = XCBuildConfiguration;
			buildSettings = {
				BUNDLE_LOADER = "$(TEST_HOST)";
				CODE_SIGN_STYLE = Automatic;
				CURRENT_PROJECT_VERSION = 1;
				DEVELOPMENT_TEAM = L7S26P68RJ;
				GENERATE_INFOPLIST_FILE = YES;
				IPHONEOS_DEPLOYMENT_TARGET = 18.2;
				MARKETING_VERSION = 1.0;
				PRODUCT_BUNDLE_IDENTIFIER = adrian.MVCPatternAppTests;
				PRODUCT_NAME = "$(TARGET_NAME)";
				SWIFT_EMIT_LOC_STRINGS = NO;
				SWIFT_VERSION = 5.0;
				TARGETED_DEVICE_FAMILY = "1,2";
				TEST_HOST = "$(BUILT_PRODUCTS_DIR)/MVCPatternApp.app/$(BUNDLE_EXECUTABLE_FOLDER_PATH)/MVCPatternApp";
			};
			name = Debug;
		};
		E9E9BDB02DCC31270078082C /* Release */ = {
			isa = XCBuildConfiguration;
			buildSettings = {
				BUNDLE_LOADER = "$(TEST_HOST)";
				CODE_SIGN_STYLE = Automatic;
				CURRENT_PROJECT_VERSION = 1;
				DEVELOPMENT_TEAM = L7S26P68RJ;
				GENERATE_INFOPLIST_FILE = YES;
				IPHONEOS_DEPLOYMENT_TARGET = 18.2;
				MARKETING_VERSION = 1.0;
				PRODUCT_BUNDLE_IDENTIFIER = adrian.MVCPatternAppTests;
				PRODUCT_NAME = "$(TARGET_NAME)";
				SWIFT_EMIT_LOC_STRINGS = NO;
				SWIFT_VERSION = 5.0;
				TARGETED_DEVICE_FAMILY = "1,2";
				TEST_HOST = "$(BUILT_PRODUCTS_DIR)/MVCPatternApp.app/$(BUNDLE_EXECUTABLE_FOLDER_PATH)/MVCPatternApp";
			};
			name = Release;
		};
		E9E9BDB22DCC31270078082C /* Debug */ = {
			isa = XCBuildConfiguration;
			buildSettings = {
				CODE_SIGN_STYLE = Automatic;
				CURRENT_PROJECT_VERSION = 1;
				DEVELOPMENT_TEAM = L7S26P68RJ;
				GENERATE_INFOPLIST_FILE = YES;
				MARKETING_VERSION = 1.0;
				PRODUCT_BUNDLE_IDENTIFIER = adrian.MVCPatternAppUITests;
				PRODUCT_NAME = "$(TARGET_NAME)";
				SWIFT_EMIT_LOC_STRINGS = NO;
				SWIFT_VERSION = 5.0;
				TARGETED_DEVICE_FAMILY = "1,2";
				TEST_TARGET_NAME = MVCPatternApp;
			};
			name = Debug;
		};
		E9E9BDB32DCC31270078082C /* Release */ = {
			isa = XCBuildConfiguration;
			buildSettings = {
				CODE_SIGN_STYLE = Automatic;
				CURRENT_PROJECT_VERSION = 1;
				DEVELOPMENT_TEAM = L7S26P68RJ;
				GENERATE_INFOPLIST_FILE = YES;
				MARKETING_VERSION = 1.0;
				PRODUCT_BUNDLE_IDENTIFIER = adrian.MVCPatternAppUITests;
				PRODUCT_NAME = "$(TARGET_NAME)";
				SWIFT_EMIT_LOC_STRINGS = NO;
				SWIFT_VERSION = 5.0;
				TARGETED_DEVICE_FAMILY = "1,2";
				TEST_TARGET_NAME = MVCPatternApp;
			};
			name = Release;
		};
/* End XCBuildConfiguration section */

/* Begin XCConfigurationList section */
		E9E9BD822DCC31250078082C /* Build configuration list for PBXProject "MVCPatternApp" */ = {
			isa = XCConfigurationList;
			buildConfigurations = (
				E9E9BDA92DCC31270078082C /* Debug */,
				E9E9BDAA2DCC31270078082C /* Release */,
			);
			defaultConfigurationIsVisible = 0;
			defaultConfigurationName = Release;
		};
		E9E9BDAB2DCC31270078082C /* Build configuration list for PBXNativeTarget "MVCPatternApp" */ = {
			isa = XCConfigurationList;
			buildConfigurations = (
				E9E9BDAC2DCC31270078082C /* Debug */,
				E9E9BDAD2DCC31270078082C /* Release */,
			);
			defaultConfigurationIsVisible = 0;
			defaultConfigurationName = Release;
		};
		E9E9BDAE2DCC31270078082C /* Build configuration list for PBXNativeTarget "MVCPatternAppTests" */ = {
			isa = XCConfigurationList;
			buildConfigurations = (
				E9E9BDAF2DCC31270078082C /* Debug */,
				E9E9BDB02DCC31270078082C /* Release */,
			);
			defaultConfigurationIsVisible = 0;
			defaultConfigurationName = Release;
		};
		E9E9BDB12DCC31270078082C /* Build configuration list for PBXNativeTarget "MVCPatternAppUITests" */ = {
			isa = XCConfigurationList;
			buildConfigurations = (
				E9E9BDB22DCC31270078082C /* Debug */,
				E9E9BDB32DCC31270078082C /* Release */,
			);
			defaultConfigurationIsVisible = 0;
			defaultConfigurationName = Release;
		};
/* End XCConfigurationList section */
	};
	rootObject = E9E9BD7F2DCC31250078082C /* Project object */;
}
